
Microsoft Visual Studio Solution File, Format Version 12.00
# Visual Studio 15
VisualStudioVersion = 15.0.27004.2010
MinimumVisualStudioVersion = 10.0.40219.1
Project("{E24C65DC-7377-472B-9ABA-BC803B73C61A}") = "WebJQuery", "..\..\C#\WebJQuery\", "{1FCB6229-9931-41F4-813B-45C02D98F046}"
	ProjectSection(WebsiteProperties) = preProject
		TargetFrameworkMoniker = ".NETFramework,Version%3Dv4.6.1"
		Debug.AspNetCompiler.VirtualPath = "/localhost_55166"
		Debug.AspNetCompiler.PhysicalPath = "..\..\C#\WebJQuery\"
		Debug.AspNetCompiler.TargetPath = "PrecompiledWeb\localhost_55166\"
		Debug.AspNetCompiler.Updateable = "true"
		Debug.AspNetCompiler.ForceOverwrite = "true"
		Debug.AspNetCompiler.FixedNames = "false"
		Debug.AspNetCompiler.Debug = "True"
		Release.AspNetCompiler.VirtualPath = "/localhost_55166"
		Release.AspNetCompiler.PhysicalPath = "..\..\C#\WebJQuery\"
		Release.AspNetCompiler.TargetPath = "PrecompiledWeb\localhost_55166\"
		Release.AspNetCompiler.Updateable = "true"
		Release.AspNetCompiler.ForceOverwrite = "true"
		Release.AspNetCompiler.FixedNames = "false"
		Release.AspNetCompiler.Debug = "False"
		VWDPort = "55166"
		SlnRelativePath = "..\..\C#\WebJQuery\"
		DefaultWebSiteLanguage = "Visual C#"
	EndProjectSection
EndProject
Global
	GlobalSection(SolutionConfigurationPlatforms) = preSolution
		Debug|Any CPU = Debug|Any CPU
	EndGlobalSection
	GlobalSection(ProjectConfigurationPlatforms) = postSolution
		{1FCB6229-9931-41F4-813B-45C02D98F046}.Debug|Any CPU.ActiveCfg = Debug|Any CPU
		{1FCB6229-9931-41F4-813B-45C02D98F046}.Debug|Any CPU.Build.0 = Debug|Any CPU
	EndGlobalSection
	GlobalSection(SolutionProperties) = preSolution
		HideSolutionNode = FALSE
	EndGlobalSection
	GlobalSection(ExtensibilityGlobals) = postSolution
		SolutionGuid = {02BAE7C5-5825-4CC2-BCDA-302FC9EF2F7D}
	EndGlobalSection
EndGlobal
