
Microsoft Visual Studio Solution File, Format Version 12.00
# Visual Studio 15
VisualStudioVersion = 15.0.27004.2010
MinimumVisualStudioVersion = 10.0.40219.1
Project("{E24C65DC-7377-472B-9ABA-BC803B73C61A}") = "Model4myJavaSript", "..\..\C#\Model4myJavaSript\", "{04A6992D-CF0D-4522-ABA4-C0D677698D28}"
	ProjectSection(WebsiteProperties) = preProject
		TargetFrameworkMoniker = ".NETFramework,Version%3Dv4.6.1"
		Debug.AspNetCompiler.VirtualPath = "/localhost_64470"
		Debug.AspNetCompiler.PhysicalPath = "..\..\C#\Model4myJavaSript\"
		Debug.AspNetCompiler.TargetPath = "PrecompiledWeb\localhost_64470\"
		Debug.AspNetCompiler.Updateable = "true"
		Debug.AspNetCompiler.ForceOverwrite = "true"
		Debug.AspNetCompiler.FixedNames = "false"
		Debug.AspNetCompiler.Debug = "True"
		Release.AspNetCompiler.VirtualPath = "/localhost_64470"
		Release.AspNetCompiler.PhysicalPath = "..\..\C#\Model4myJavaSript\"
		Release.AspNetCompiler.TargetPath = "PrecompiledWeb\localhost_64470\"
		Release.AspNetCompiler.Updateable = "true"
		Release.AspNetCompiler.ForceOverwrite = "true"
		Release.AspNetCompiler.FixedNames = "false"
		Release.AspNetCompiler.Debug = "False"
		VWDPort = "64470"
		DefaultWebSiteLanguage = "Visual C#"
	EndProjectSection
EndProject
Global
	GlobalSection(SolutionConfigurationPlatforms) = preSolution
		Debug|Any CPU = Debug|Any CPU
	EndGlobalSection
	GlobalSection(ProjectConfigurationPlatforms) = postSolution
		{04A6992D-CF0D-4522-ABA4-C0D677698D28}.Debug|Any CPU.ActiveCfg = Debug|Any CPU
		{04A6992D-CF0D-4522-ABA4-C0D677698D28}.Debug|Any CPU.Build.0 = Debug|Any CPU
	EndGlobalSection
	GlobalSection(SolutionProperties) = preSolution
		HideSolutionNode = FALSE
	EndGlobalSection
	GlobalSection(ExtensibilityGlobals) = postSolution
		SolutionGuid = {AC711B3C-061B-43C7-8BB9-B5AA666BB0C4}
	EndGlobalSection
EndGlobal
